
Microsoft Visual Studio Solution File, Format Version 12.00
# Visual Studio Version 17
VisualStudioVersion = 17.2.32519.379
MinimumVisualStudioVersion = 10.0.40219.1
Project("{9A19103F-16F7-4668-BE54-9A1E7A4F7556}") = "Singleton", "Singleton\Singleton.csproj", "{1F6A39B8-E474-4864-9658-9986EF214CE7}"
EndProject
Project("{9A19103F-16F7-4668-BE54-9A1E7A4F7556}") = "Decorator", "Decorator\Decorator.csproj", "{D9643D78-4F03-4F8E-B268-2E5D6E85CB72}"
EndProject
Project("{9A19103F-16F7-4668-BE54-9A1E7A4F7556}") = "Facade", "Facade\Facade.csproj", "{A63972D3-6819-4738-A9A1-411A480786C9}"
EndProject
Project("{9A19103F-16F7-4668-BE54-9A1E7A4F7556}") = "Bridge", "Bridge\Bridge.csproj", "{D1212639-FA6A-401E-9829-82D055C1E400}"
EndProject
Project("{9A19103F-16F7-4668-BE54-9A1E7A4F7556}") = "Bridge2", "Bridge2\Bridge2.csproj", "{7428A572-CAFB-4790-B5F2-3F7B01843E85}"
EndProject
Project("{FAE04EC0-301F-11D3-BF4B-00C04F79EFBC}") = "Builder", "Builder\Builder.csproj", "{CBF2036B-47B1-4891-B660-9B8D76ABF7F8}"
EndProject
Global
	GlobalSection(SolutionConfigurationPlatforms) = preSolution
		Debug|Any CPU = Debug|Any CPU
		Release|Any CPU = Release|Any CPU
	EndGlobalSection
	GlobalSection(ProjectConfigurationPlatforms) = postSolution
		{1F6A39B8-E474-4864-9658-9986EF214CE7}.Debug|Any CPU.ActiveCfg = Debug|Any CPU
		{1F6A39B8-E474-4864-9658-9986EF214CE7}.Debug|Any CPU.Build.0 = Debug|Any CPU
		{1F6A39B8-E474-4864-9658-9986EF214CE7}.Release|Any CPU.ActiveCfg = Release|Any CPU
		{1F6A39B8-E474-4864-9658-9986EF214CE7}.Release|Any CPU.Build.0 = Release|Any CPU
		{D9643D78-4F03-4F8E-B268-2E5D6E85CB72}.Debug|Any CPU.ActiveCfg = Debug|Any CPU
		{D9643D78-4F03-4F8E-B268-2E5D6E85CB72}.Debug|Any CPU.Build.0 = Debug|Any CPU
		{D9643D78-4F03-4F8E-B268-2E5D6E85CB72}.Release|Any CPU.ActiveCfg = Release|Any CPU
		{D9643D78-4F03-4F8E-B268-2E5D6E85CB72}.Release|Any CPU.Build.0 = Release|Any CPU
		{A63972D3-6819-4738-A9A1-411A480786C9}.Debug|Any CPU.ActiveCfg = Debug|Any CPU
		{A63972D3-6819-4738-A9A1-411A480786C9}.Debug|Any CPU.Build.0 = Debug|Any CPU
		{A63972D3-6819-4738-A9A1-411A480786C9}.Release|Any CPU.ActiveCfg = Release|Any CPU
		{A63972D3-6819-4738-A9A1-411A480786C9}.Release|Any CPU.Build.0 = Release|Any CPU
		{D1212639-FA6A-401E-9829-82D055C1E400}.Debug|Any CPU.ActiveCfg = Debug|Any CPU
		{D1212639-FA6A-401E-9829-82D055C1E400}.Debug|Any CPU.Build.0 = Debug|Any CPU
		{D1212639-FA6A-401E-9829-82D055C1E400}.Release|Any CPU.ActiveCfg = Release|Any CPU
		{D1212639-FA6A-401E-9829-82D055C1E400}.Release|Any CPU.Build.0 = Release|Any CPU
		{7428A572-CAFB-4790-B5F2-3F7B01843E85}.Debug|Any CPU.ActiveCfg = Debug|Any CPU
		{7428A572-CAFB-4790-B5F2-3F7B01843E85}.Debug|Any CPU.Build.0 = Debug|Any CPU
		{7428A572-CAFB-4790-B5F2-3F7B01843E85}.Release|Any CPU.ActiveCfg = Release|Any CPU
		{7428A572-CAFB-4790-B5F2-3F7B01843E85}.Release|Any CPU.Build.0 = Release|Any CPU
		{CBF2036B-47B1-4891-B660-9B8D76ABF7F8}.Debug|Any CPU.ActiveCfg = Debug|Any CPU
		{CBF2036B-47B1-4891-B660-9B8D76ABF7F8}.Debug|Any CPU.Build.0 = Debug|Any CPU
		{CBF2036B-47B1-4891-B660-9B8D76ABF7F8}.Release|Any CPU.ActiveCfg = Release|Any CPU
		{CBF2036B-47B1-4891-B660-9B8D76ABF7F8}.Release|Any CPU.Build.0 = Release|Any CPU
	EndGlobalSection
	GlobalSection(SolutionProperties) = preSolution
		HideSolutionNode = FALSE
	EndGlobalSection
	GlobalSection(ExtensibilityGlobals) = postSolution
		SolutionGuid = {9F057CDD-7ADD-4A1D-8BDA-BB6849AD1546}
	EndGlobalSection
EndGlobal
